Microsoft Visual Studio Solution File, Format Version 12.00
# Visual Studio Version 17
VisualStudioVersion = 17.0.31903.59
MinimumVisualStudioVersion = 10.0.40219.1
Project("{FAE04EC0-301F-11D3-BF4B-00C04F79EFBC}") = "T2.ACRemote.Common", "src\T2.ACRemote.Common\T2.ACRemote.Common.csproj", "{7D963F2A-AB71-40A7-9400-AD1150C8B18A}"
EndProject
Project("{FAE04EC0-301F-11D3-BF4B-00C04F79EFBC}") = "T2.ACRemote.Bridge", "src\T2.ACRemote.Bridge\T2.ACRemote.Bridge.csproj", "{538648B7-04C9-4E90-BB98-5A120F58A9B0}"
EndProject
Project("{FAE04EC0-301F-11D3-BF4B-00C04F79EFBC}") = "T2.ACRemote.Server", "src\T2.ACRemote.Server\T2.ACRemote.Server.csproj", "{941DD282-257C-4CAA-B9BE-5A4DBD12BBA5}"
EndProject
Project("{FAE04EC0-301F-11D3-BF4B-00C04F79EFBC}") = "T2.ACRemote.Tests", "tests\T2.ACRemote.Tests\T2.ACRemote.Tests.csproj", "{F62006A9-062E-4C7F-9084-25412203D912}"
EndProject
Global
	GlobalSection(SolutionConfigurationPlatforms) = preSolution
		Debug|Any CPU = Debug|Any CPU
		Release|Any CPU = Release|Any CPU
	EndGlobalSection
	GlobalSection(ProjectConfigurationPlatforms) = postSolution
		{7D963F2A-AB71-40A7-9400-AD1150C8B18A}.Debug|Any CPU.ActiveCfg = Debug|Any CPU
		{7D963F2A-AB71-40A7-9400-AD1150C8B18A}.Debug|Any CPU.Build.0 = Debug|Any CPU
		{7D963F2A-AB71-40A7-9400-AD1150C8B18A}.Release|Any CPU.ActiveCfg = Release|Any CPU
		{7D963F2A-AB71-40A7-9400-AD1150C8B18A}.Release|Any CPU.Build.0 = Release|Any CPU
		{538648B7-04C9-4E90-BB98-5A120F58A9B0}.Debug|Any CPU.ActiveCfg = Debug|Any CPU
		{538648B7-04C9-4E90-BB98-5A120F58A9B0}.Debug|Any CPU.Build.0 = Debug|Any CPU
		{538648B7-04C9-4E90-BB98-5A120F58A9B0}.Release|Any CPU.ActiveCfg = Release|Any CPU
		{538648B7-04C9-4E90-BB98-5A120F58A9B0}.Release|Any CPU.Build.0 = Release|Any CPU
		{941DD282-257C-4CAA-B9BE-5A4DBD12BBA5}.Debug|Any CPU.ActiveCfg = Debug|Any CPU
		{941DD282-257C-4CAA-B9BE-5A4DBD12BBA5}.Debug|Any CPU.Build.0 = Debug|Any CPU
		{941DD282-257C-4CAA-B9BE-5A4DBD12BBA5}.Release|Any CPU.ActiveCfg = Release|Any CPU
		{941DD282-257C-4CAA-B9BE-5A4DBD12BBA5}.Release|Any CPU.Build.0 = Release|Any CPU
		{F62006A9-062E-4C7F-9084-25412203D912}.Debug|Any CPU.ActiveCfg = Debug|Any CPU
		{F62006A9-062E-4C7F-9084-25412203D912}.Debug|Any CPU.Build.0 = Debug|Any CPU
		{F62006A9-062E-4C7F-9084-25412203D912}.Release|Any CPU.ActiveCfg = Release|Any CPU
		{F62006A9-062E-4C7F-9084-25412203D912}.Release|Any CPU.Build.0 = Release|Any CPU
	EndGlobalSection
EndGlobal

